
Microsoft Visual Studio Solution File, Format Version 12.00
# Visual Studio 15
VisualStudioVersion = 15.0.27130.2026
MinimumVisualStudioVersion = 10.0.40219.1
Project("{8BC9CEB8-8B4A-11D0-8D11-00A0C91BC942}") = "Userimput", "Userimput\Userimput.vcxproj", "{3047B7CA-3481-40A0-B1DB-CCCD457FCBA1}"
EndProject
Global
	GlobalSection(SolutionConfigurationPlatforms) = preSolution
		Debug|x64 = Debug|x64
		Debug|x86 = Debug|x86
		Release|x64 = Release|x64
		Release|x86 = Release|x86
	EndGlobalSection
	GlobalSection(ProjectConfigurationPlatforms) = postSolution
		{3047B7CA-3481-40A0-B1DB-CCCD457FCBA1}.Debug|x64.ActiveCfg = Debug|x64
		{3047B7CA-3481-40A0-B1DB-CCCD457FCBA1}.Debug|x64.Build.0 = Debug|x64
		{3047B7CA-3481-40A0-B1DB-CCCD457FCBA1}.Debug|x86.ActiveCfg = Debug|Win32
		{3047B7CA-3481-40A0-B1DB-CCCD457FCBA1}.Debug|x86.Build.0 = Debug|Win32
		{3047B7CA-3481-40A0-B1DB-CCCD457FCBA1}.Release|x64.ActiveCfg = Release|x64
		{3047B7CA-3481-40A0-B1DB-CCCD457FCBA1}.Release|x64.Build.0 = Release|x64
		{3047B7CA-3481-40A0-B1DB-CCCD457FCBA1}.Release|x86.ActiveCfg = Release|Win32
		{3047B7CA-3481-40A0-B1DB-CCCD457FCBA1}.Release|x86.Build.0 = Release|Win32
	EndGlobalSection
	GlobalSection(SolutionProperties) = preSolution
		HideSolutionNode = FALSE
	EndGlobalSection
	GlobalSection(ExtensibilityGlobals) = postSolution
		SolutionGuid = {08197819-36A5-4071-A8E8-B540FE84EEE4}
	EndGlobalSection
EndGlobal
